
Microsoft Visual Studio Solution File, Format Version 12.00
# Visual Studio Version 17
VisualStudioVersion = 17.2.32616.157
MinimumVisualStudioVersion = 10.0.40219.1
Project("{FAE04EC0-301F-11D3-BF4B-00C04F79EFBC}") = "ACMEProject", "ACMEProject\ACMEProject.csproj", "{43654180-CF08-4545-B3E4-FF209EBE7CF4}"
EndProject
Project("{FAE04EC0-301F-11D3-BF4B-00C04F79EFBC}") = "ACMEWebApi", "ACMEWebApi\ACMEWebApi.csproj", "{984D5A55-5656-474D-A77E-1BEFDDA966D5}"
EndProject
Project("{2150E333-8FDC-42A3-9474-1A3956D46DE8}") = "ASPDOTNET", "ASPDOTNET", "{609036C0-F22C-4858-8876-A8E7F0DF9CAA}"
EndProject
Project("{2150E333-8FDC-42A3-9474-1A3956D46DE8}") = "WEBAPISERVER", "WEBAPISERVER", "{E4AEC9CA-CDE1-4B1F-9398-A0A24034FCB1}"
EndProject
Project("{FAE04EC0-301F-11D3-BF4B-00C04F79EFBC}") = "Shared", "Shared\Shared.csproj", "{13CE4BAA-75A4-467A-A9A2-B91444652165}"
EndProject
Project("{2150E333-8FDC-42A3-9474-1A3956D46DE8}") = "ACMESHARED", "ACMESHARED", "{84181597-E571-4ABF-9752-CFA1CBE9D90C}"
EndProject
Global
	GlobalSection(SolutionConfigurationPlatforms) = preSolution
		Debug|Any CPU = Debug|Any CPU
		Release|Any CPU = Release|Any CPU
	EndGlobalSection
	GlobalSection(ProjectConfigurationPlatforms) = postSolution
		{43654180-CF08-4545-B3E4-FF209EBE7CF4}.Debug|Any CPU.ActiveCfg = Debug|Any CPU
		{43654180-CF08-4545-B3E4-FF209EBE7CF4}.Debug|Any CPU.Build.0 = Debug|Any CPU
		{43654180-CF08-4545-B3E4-FF209EBE7CF4}.Release|Any CPU.ActiveCfg = Release|Any CPU
		{43654180-CF08-4545-B3E4-FF209EBE7CF4}.Release|Any CPU.Build.0 = Release|Any CPU
		{984D5A55-5656-474D-A77E-1BEFDDA966D5}.Debug|Any CPU.ActiveCfg = Debug|Any CPU
		{984D5A55-5656-474D-A77E-1BEFDDA966D5}.Debug|Any CPU.Build.0 = Debug|Any CPU
		{984D5A55-5656-474D-A77E-1BEFDDA966D5}.Release|Any CPU.ActiveCfg = Release|Any CPU
		{984D5A55-5656-474D-A77E-1BEFDDA966D5}.Release|Any CPU.Build.0 = Release|Any CPU
		{13CE4BAA-75A4-467A-A9A2-B91444652165}.Debug|Any CPU.ActiveCfg = Debug|Any CPU
		{13CE4BAA-75A4-467A-A9A2-B91444652165}.Debug|Any CPU.Build.0 = Debug|Any CPU
		{13CE4BAA-75A4-467A-A9A2-B91444652165}.Release|Any CPU.ActiveCfg = Release|Any CPU
		{13CE4BAA-75A4-467A-A9A2-B91444652165}.Release|Any CPU.Build.0 = Release|Any CPU
	EndGlobalSection
	GlobalSection(SolutionProperties) = preSolution
		HideSolutionNode = FALSE
	EndGlobalSection
	GlobalSection(NestedProjects) = preSolution
		{43654180-CF08-4545-B3E4-FF209EBE7CF4} = {609036C0-F22C-4858-8876-A8E7F0DF9CAA}
		{984D5A55-5656-474D-A77E-1BEFDDA966D5} = {E4AEC9CA-CDE1-4B1F-9398-A0A24034FCB1}
		{13CE4BAA-75A4-467A-A9A2-B91444652165} = {84181597-E571-4ABF-9752-CFA1CBE9D90C}
	EndGlobalSection
	GlobalSection(ExtensibilityGlobals) = postSolution
		SolutionGuid = {FAA726A0-591B-40F7-839A-1B05F7C15B00}
	EndGlobalSection
EndGlobal
